
Microsoft Visual Studio Solution File, Format Version 9.00
# Visual Studio 2005
Project("{FAE04EC0-301F-11D3-BF4B-00C04F79EFBC}") = "Pacman", "Pacman\Pacman.csproj", "{BE4B18A5-913B-4EC7-AE01-5B718008A133}"
EndProject
Global
	GlobalSection(SolutionConfigurationPlatforms) = preSolution
		Debug|Any CPU = Debug|Any CPU
		Release|Any CPU = Release|Any CPU
	EndGlobalSection
	GlobalSection(ProjectConfigurationPlatforms) = postSolution
		{BE4B18A5-913B-4EC7-AE01-5B718008A133}.Debug|Any CPU.ActiveCfg = Debug|Any CPU
		{BE4B18A5-913B-4EC7-AE01-5B718008A133}.Debug|Any CPU.Build.0 = Debug|Any CPU
		{BE4B18A5-913B-4EC7-AE01-5B718008A133}.Release|Any CPU.ActiveCfg = Release|Any CPU
		{BE4B18A5-913B-4EC7-AE01-5B718008A133}.Release|Any CPU.Build.0 = Release|Any CPU
	EndGlobalSection
	GlobalSection(SolutionProperties) = preSolution
		HideSolutionNode = FALSE
	EndGlobalSection
EndGlobal
